// !$*UTF8*$!
{
	archiveVersion = 1;
	classes = {
	};
	objectVersion = 46;
	objects = {

/* Begin PBXBuildFile section */
		1200D6C81CDDC034006164D8 /* AppDelegate.swift in Sources */ = {isa = PBXBuildFile; fileRef = 1200D6C71CDDC034006164D8 /* AppDelegate.swift */; };
		1200D6CA1CDDC034006164D8 /* ViewController.swift in Sources */ = {isa = PBXBuildFile; fileRef = 1200D6C91CDDC034006164D8 /* ViewController.swift */; };
		1200D6D01CDDC034006164D8 /* iOS_Project.xcdatamodeld in Sources */ = {isa = PBXBuildFile; fileRef = 1200D6CE1CDDC034006164D8 /* iOS_Project.xcdatamodeld */; };
		1200D6D21CDDC034006164D8 /* Assets.xcassets in Resources */ = {isa = PBXBuildFile; fileRef = 1200D6D11CDDC034006164D8 /* Assets.xcassets */; };
		1200D6D51CDDC034006164D8 /* LaunchScreen.storyboard in Resources */ = {isa = PBXBuildFile; fileRef = 1200D6D31CDDC034006164D8 /* LaunchScreen.storyboard */; };
		1200D6E01CDDC034006164D8 /* iOS_ProjectTests.swift in Sources */ = {isa = PBXBuildFile; fileRef = 1200D6DF1CDDC034006164D8 /* iOS_ProjectTests.swift */; };
		1200D6EB1CDDC034006164D8 /* iOS_ProjectUITests.swift in Sources */ = {isa = PBXBuildFile; fileRef = 1200D6EA1CDDC034006164D8 /* iOS_ProjectUITests.swift */; };
		1200D6F91CDDD950006164D8 /* ScheduleViewController.swift in Sources */ = {isa = PBXBuildFile; fileRef = 1200D6F81CDDD950006164D8 /* ScheduleViewController.swift */; };
		1200D6FB1CDDDBA2006164D8 /* SpeakersTableViewController.swift in Sources */ = {isa = PBXBuildFile; fileRef = 1200D6FA1CDDDBA2006164D8 /* SpeakersTableViewController.swift */; };
		1209E0441CFD622F00106C77 /* GoogleService-Info.plist in Resources */ = {isa = PBXBuildFile; fileRef = 1209E0431CFD622F00106C77 /* GoogleService-Info.plist */; };
		122DB97F1CF1C08C00C33672 /* UserProfileViewController.swift in Sources */ = {isa = PBXBuildFile; fileRef = 122DB97E1CF1C08C00C33672 /* UserProfileViewController.swift */; };
		122DB9811CF1DED800C33672 /* PasswordViewController.swift in Sources */ = {isa = PBXBuildFile; fileRef = 122DB9801CF1DED800C33672 /* PasswordViewController.swift */; };
		122DB9831CF20BF600C33672 /* SpeakersDetailViewController.swift in Sources */ = {isa = PBXBuildFile; fileRef = 122DB9821CF20BF600C33672 /* SpeakersDetailViewController.swift */; };
		12326C701CFB0C8B00013AEC /* MapViewController.swift in Sources */ = {isa = PBXBuildFile; fileRef = 12326C6F1CFB0C8B00013AEC /* MapViewController.swift */; };
		1259C7941CFF2BCB001E9AB0 /* SessionModel.swift in Sources */ = {isa = PBXBuildFile; fileRef = 1259C7931CFF2BCB001E9AB0 /* SessionModel.swift */; };
		1259C7971CFF3105001E9AB0 /* Session+CoreDataProperties.swift in Sources */ = {isa = PBXBuildFile; fileRef = 1259C7951CFF3105001E9AB0 /* Session+CoreDataProperties.swift */; };
		1259C7981CFF3105001E9AB0 /* Session.swift in Sources */ = {isa = PBXBuildFile; fileRef = 1259C7961CFF3105001E9AB0 /* Session.swift */; };
		1259C79A1CFF4108001E9AB0 /* SessionCell.swift in Sources */ = {isa = PBXBuildFile; fileRef = 1259C7991CFF4108001E9AB0 /* SessionCell.swift */; };
		1259C79C1CFF6800001E9AB0 /* MyScheduleCell.swift in Sources */ = {isa = PBXBuildFile; fileRef = 1259C79B1CFF6800001E9AB0 /* MyScheduleCell.swift */; };
		12ACC89E1CFC122800BFB5EA /* Main.storyboard in Resources */ = {isa = PBXBuildFile; fileRef = 12ACC89D1CFC122800BFB5EA /* Main.storyboard */; };
		12ACC8A81CFCAB9900BFB5EA /* SessionDetailViewController.swift in Sources */ = {isa = PBXBuildFile; fileRef = 12ACC8A71CFCAB9900BFB5EA /* SessionDetailViewController.swift */; };
		12ACC8AA1CFCC32B00BFB5EA /* MeTableViewController.swift in Sources */ = {isa = PBXBuildFile; fileRef = 12ACC8A91CFCC32B00BFB5EA /* MeTableViewController.swift */; };
		12B899B01CDF0CCB000FF5BE /* VideoCutter.swift in Sources */ = {isa = PBXBuildFile; fileRef = 12B899AF1CDF0CCB000FF5BE /* VideoCutter.swift */; };
		12B899B21CDF0D17000FF5BE /* Background.swift in Sources */ = {isa = PBXBuildFile; fileRef = 12B899B11CDF0D17000FF5BE /* Background.swift */; };
		12B899B51CDF0DF7000FF5BE /* Login.mp4 in Resources */ = {isa = PBXBuildFile; fileRef = 12B899B41CDF0DF7000FF5BE /* Login.mp4 */; };
		12C4E63F1CF2FE3400C58ABC /* MyScheduleViewController.swift in Sources */ = {isa = PBXBuildFile; fileRef = 12C4E63E1CF2FE3400C58ABC /* MyScheduleViewController.swift */; };
		12C755521D00627800AE75B7 /* twittertableTableViewController.swift in Sources */ = {isa = PBXBuildFile; fileRef = 12C755511D00627800AE75B7 /* twittertableTableViewController.swift */; };
		294369BC0DBA59918CA8B764 /* Pods_iOS_Project.framework in Frameworks */ = {isa = PBXBuildFile; fileRef = F562A8374101C95EB57FD618 /* Pods_iOS_Project.framework */; };
		5FBA2B7266883306350627F1 /* Pods_iOS_ProjectUITests.framework in Frameworks */ = {isa = PBXBuildFile; fileRef = 4AE0D83E2D16C7F67B09EFD5 /* Pods_iOS_ProjectUITests.framework */; };
		BCEF2D6ADCCAB75B866CA96D /* Pods_iOS_ProjectTests.framework in Frameworks */ = {isa = PBXBuildFile; fileRef = 73340AA834C7E6A75350EC91 /* Pods_iOS_ProjectTests.framework */; };
/* End PBXBuildFile section */

/* Begin PBXContainerItemProxy section */
		1200D6DC1CDDC034006164D8 /* PBXContainerItemProxy */ = {
			isa = PBXContainerItemProxy;
			containerPortal = 1200D6BC1CDDC034006164D8 /* Project object */;
			proxyType = 1;
			remoteGlobalIDString = 1200D6C31CDDC034006164D8;
			remoteInfo = "iOS-Project";
		};
		1200D6E71CDDC034006164D8 /* PBXContainerItemProxy */ = {
			isa = PBXContainerItemProxy;
			containerPortal = 1200D6BC1CDDC034006164D8 /* Project object */;
			proxyType = 1;
			remoteGlobalIDString = 1200D6C31CDDC034006164D8;
			remoteInfo = "iOS-Project";
		};
/* End PBXContainerItemProxy section */

/* Begin PBXFileReference section */
		1200D6C41CDDC034006164D8 /* iOS-Project.app */ = {isa = PBXFileReference; explicitFileType = wrapper.application; includeInIndex = 0; path = "iOS-Project.app"; sourceTree = BUILT_PRODUCTS_DIR; };
		1200D6C71CDDC034006164D8 /* AppDelegate.swift */ = {isa = PBXFileReference; lastKnownFileType = sourcecode.swift; path = AppDelegate.swift; sourceTree = "<group>"; };
		1200D6C91CDDC034006164D8 /* ViewController.swift */ = {isa = PBXFileReference; lastKnownFileType = sourcecode.swift; path = ViewController.swift; sourceTree = "<group>"; };
		1200D6CF1CDDC034006164D8 /* iOS_Project.xcdatamodel */ = {isa = PBXFileReference; lastKnownFileType = wrapper.xcdatamodel; path = iOS_Project.xcdatamodel; sourceTree = "<group>"; };
		1200D6D11CDDC034006164D8 /* Assets.xcassets */ = {isa = PBXFileReference; lastKnownFileType = folder.assetcatalog; path = Assets.xcassets; sourceTree = "<group>"; };
		1200D6D41CDDC034006164D8 /* Base */ = {isa = PBXFileReference; lastKnownFileType = file.storyboard; name = Base; path = Base.lproj/LaunchScreen.storyboard; sourceTree = "<group>"; };
		1200D6D61CDDC034006164D8 /* Info.plist */ = {isa = PBXFileReference; lastKnownFileType = text.plist.xml; path = Info.plist; sourceTree = "<group>"; };
		1200D6DB1CDDC034006164D8 /* iOS-ProjectTests.xctest */ = {isa = PBXFileReference; explicitFileType = wrapper.cfbundle; includeInIndex = 0; path = "iOS-ProjectTests.xctest"; sourceTree = BUILT_PRODUCTS_DIR; };
		1200D6DF1CDDC034006164D8 /* iOS_ProjectTests.swift */ = {isa = PBXFileReference; lastKnownFileType = sourcecode.swift; path = iOS_ProjectTests.swift; sourceTree = "<group>"; };
		1200D6E11CDDC034006164D8 /* Info.plist */ = {isa = PBXFileReference; lastKnownFileType = text.plist.xml; path = Info.plist; sourceTree = "<group>"; };
		1200D6E61CDDC034006164D8 /* iOS-ProjectUITests.xctest */ = {isa = PBXFileReference; explicitFileType = wrapper.cfbundle; includeInIndex = 0; path = "iOS-ProjectUITests.xctest"; sourceTree = BUILT_PRODUCTS_DIR; };
		1200D6EA1CDDC034006164D8 /* iOS_ProjectUITests.swift */ = {isa = PBXFileReference; lastKnownFileType = sourcecode.swift; path = iOS_ProjectUITests.swift; sourceTree = "<group>"; };
		1200D6EC1CDDC034006164D8 /* Info.plist */ = {isa = PBXFileReference; lastKnownFileType = text.plist.xml; path = Info.plist; sourceTree = "<group>"; };
		1200D6F81CDDD950006164D8 /* ScheduleViewController.swift */ = {isa = PBXFileReference; fileEncoding = 4; lastKnownFileType = sourcecode.swift; path = ScheduleViewController.swift; sourceTree = "<group>"; };
		1200D6FA1CDDDBA2006164D8 /* SpeakersTableViewController.swift */ = {isa = PBXFileReference; fileEncoding = 4; lastKnownFileType = sourcecode.swift; path = SpeakersTableViewController.swift; sourceTree = "<group>"; };
		1209E0431CFD622F00106C77 /* GoogleService-Info.plist */ = {isa = PBXFileReference; fileEncoding = 4; lastKnownFileType = text.plist.xml; path = "GoogleService-Info.plist"; sourceTree = "<group>"; };
		122DB97E1CF1C08C00C33672 /* UserProfileViewController.swift */ = {isa = PBXFileReference; fileEncoding = 4; lastKnownFileType = sourcecode.swift; path = UserProfileViewController.swift; sourceTree = "<group>"; };
		122DB9801CF1DED800C33672 /* PasswordViewController.swift */ = {isa = PBXFileReference; fileEncoding = 4; lastKnownFileType = sourcecode.swift; path = PasswordViewController.swift; sourceTree = "<group>"; };
		122DB9821CF20BF600C33672 /* SpeakersDetailViewController.swift */ = {isa = PBXFileReference; fileEncoding = 4; lastKnownFileType = sourcecode.swift; path = SpeakersDetailViewController.swift; sourceTree = "<group>"; };
		12326C6F1CFB0C8B00013AEC /* MapViewController.swift */ = {isa = PBXFileReference; fileEncoding = 4; lastKnownFileType = sourcecode.swift; path = MapViewController.swift; sourceTree = "<group>"; };
		1259C7931CFF2BCB001E9AB0 /* SessionModel.swift */ = {isa = PBXFileReference; fileEncoding = 4; lastKnownFileType = sourcecode.swift; path = SessionModel.swift; sourceTree = "<group>"; };
		1259C7951CFF3105001E9AB0 /* Session+CoreDataProperties.swift */ = {isa = PBXFileReference; fileEncoding = 4; lastKnownFileType = sourcecode.swift; path = "Session+CoreDataProperties.swift"; sourceTree = "<group>"; };
		1259C7961CFF3105001E9AB0 /* Session.swift */ = {isa = PBXFileReference; fileEncoding = 4; lastKnownFileType = sourcecode.swift; path = Session.swift; sourceTree = "<group>"; };
		1259C7991CFF4108001E9AB0 /* SessionCell.swift */ = {isa = PBXFileReference; fileEncoding = 4; lastKnownFileType = sourcecode.swift; path = SessionCell.swift; sourceTree = "<group>"; };
		1259C79B1CFF6800001E9AB0 /* MyScheduleCell.swift */ = {isa = PBXFileReference; fileEncoding = 4; lastKnownFileType = sourcecode.swift; path = MyScheduleCell.swift; sourceTree = "<group>"; };
		12ACC89D1CFC122800BFB5EA /* Main.storyboard */ = {isa = PBXFileReference; fileEncoding = 4; lastKnownFileType = file.storyboard; path = Main.storyboard; sourceTree = "<group>"; };
		12ACC8A71CFCAB9900BFB5EA /* SessionDetailViewController.swift */ = {isa = PBXFileReference; fileEncoding = 4; lastKnownFileType = sourcecode.swift; path = SessionDetailViewController.swift; sourceTree = "<group>"; };
		12ACC8A91CFCC32B00BFB5EA /* MeTableViewController.swift */ = {isa = PBXFileReference; fileEncoding = 4; lastKnownFileType = sourcecode.swift; path = MeTableViewController.swift; sourceTree = "<group>"; };
		12B899AF1CDF0CCB000FF5BE /* VideoCutter.swift */ = {isa = PBXFileReference; fileEncoding = 4; lastKnownFileType = sourcecode.swift; path = VideoCutter.swift; sourceTree = "<group>"; };
		12B899B11CDF0D17000FF5BE /* Background.swift */ = {isa = PBXFileReference; fileEncoding = 4; lastKnownFileType = sourcecode.swift; name = Background.swift; path = ../Background.swift; sourceTree = "<group>"; };
		12B899B41CDF0DF7000FF5BE /* Login.mp4 */ = {isa = PBXFileReference; lastKnownFileType = file; path = Login.mp4; sourceTree = "<group>"; };
		12C4E63E1CF2FE3400C58ABC /* MyScheduleViewController.swift */ = {isa = PBXFileReference; fileEncoding = 4; lastKnownFileType = sourcecode.swift; path = MyScheduleViewController.swift; sourceTree = "<group>"; };
		12C755511D00627800AE75B7 /* twittertableTableViewController.swift */ = {isa = PBXFileReference; fileEncoding = 4; lastKnownFileType = sourcecode.swift; path = twittertableTableViewController.swift; sourceTree = "<group>"; };
		1E242658BDB8CA9075938791 /* Pods-iOS-Project.debug.xcconfig */ = {isa = PBXFileReference; includeInIndex = 1; lastKnownFileType = text.xcconfig; name = "Pods-iOS-Project.debug.xcconfig"; path = "Pods/Target Support Files/Pods-iOS-Project/Pods-iOS-Project.debug.xcconfig"; sourceTree = "<group>"; };
		3144C5E2594A23453D3C80F2 /* Pods-iOS-ProjectUITests.debug.xcconfig */ = {isa = PBXFileReference; includeInIndex = 1; lastKnownFileType = text.xcconfig; name = "Pods-iOS-ProjectUITests.debug.xcconfig"; path = "Pods/Target Support Files/Pods-iOS-ProjectUITests/Pods-iOS-ProjectUITests.debug.xcconfig"; sourceTree = "<group>"; };
		4AE0D83E2D16C7F67B09EFD5 /* Pods_iOS_ProjectUITests.framework */ = {isa = PBXFileReference; explicitFileType = wrapper.framework; includeInIndex = 0; path = Pods_iOS_ProjectUITests.framework; sourceTree = BUILT_PRODUCTS_DIR; };
		664F03F0CBD8DE20E2B24567 /* Pods-iOS-ProjectTests.debug.xcconfig */ = {isa = PBXFileReference; includeInIndex = 1; lastKnownFileType = text.xcconfig; name = "Pods-iOS-ProjectTests.debug.xcconfig"; path = "Pods/Target Support Files/Pods-iOS-ProjectTests/Pods-iOS-ProjectTests.debug.xcconfig"; sourceTree = "<group>"; };
		73340AA834C7E6A75350EC91 /* Pods_iOS_ProjectTests.framework */ = {isa = PBXFileReference; explicitFileType = wrapper.framework; includeInIndex = 0; path = Pods_iOS_ProjectTests.framework; sourceTree = BUILT_PRODUCTS_DIR; };
		7558F06ED7FFE8F342BBCA08 /* Pods-iOS-Project.release.xcconfig */ = {isa = PBXFileReference; includeInIndex = 1; lastKnownFileType = text.xcconfig; name = "Pods-iOS-Project.release.xcconfig"; path = "Pods/Target Support Files/Pods-iOS-Project/Pods-iOS-Project.release.xcconfig"; sourceTree = "<group>"; };
		89F2EED04ABDAA244A35DE39 /* Pods-iOS-ProjectTests.release.xcconfig */ = {isa = PBXFileReference; includeInIndex = 1; lastKnownFileType = text.xcconfig; name = "Pods-iOS-ProjectTests.release.xcconfig"; path = "Pods/Target Support Files/Pods-iOS-ProjectTests/Pods-iOS-ProjectTests.release.xcconfig"; sourceTree = "<group>"; };
		B29524AAEF069F39679BB0B7 /* Pods-iOS-ProjectUITests.release.xcconfig */ = {isa = PBXFileReference; includeInIndex = 1; lastKnownFileType = text.xcconfig; name = "Pods-iOS-ProjectUITests.release.xcconfig"; path = "Pods/Target Support Files/Pods-iOS-ProjectUITests/Pods-iOS-ProjectUITests.release.xcconfig"; sourceTree = "<group>"; };
		F562A8374101C95EB57FD618 /* Pods_iOS_Project.framework */ = {isa = PBXFileReference; explicitFileType = wrapper.framework; includeInIndex = 0; path = Pods_iOS_Project.framework; sourceTree = BUILT_PRODUCTS_DIR; };
/* End PBXFileReference section */

/* Begin PBXFrameworksBuildPhase section */
		1200D6C11CDDC034006164D8 /* Frameworks */ = {
			isa = PBXFrameworksBuildPhase;
			buildActionMask = 2147483647;
			files = (
				294369BC0DBA59918CA8B764 /* Pods_iOS_Project.framework in Frameworks */,
			);
			runOnlyForDeploymentPostprocessing = 0;
		};
		1200D6D81CDDC034006164D8 /* Frameworks */ = {
			isa = PBXFrameworksBuildPhase;
			buildActionMask = 2147483647;
			files = (
				BCEF2D6ADCCAB75B866CA96D /* Pods_iOS_ProjectTests.framework in Frameworks */,
			);
			runOnlyForDeploymentPostprocessing = 0;
		};
		1200D6E31CDDC034006164D8 /* Frameworks */ = {
			isa = PBXFrameworksBuildPhase;
			buildActionMask = 2147483647;
			files = (
				5FBA2B7266883306350627F1 /* Pods_iOS_ProjectUITests.framework in Frameworks */,
			);
			runOnlyForDeploymentPostprocessing = 0;
		};
/* End PBXFrameworksBuildPhase section */

/* Begin PBXGroup section */
		0D2284235EC41890706C957D /* Pods */ = {
			isa = PBXGroup;
			children = (
				1E242658BDB8CA9075938791 /* Pods-iOS-Project.debug.xcconfig */,
				7558F06ED7FFE8F342BBCA08 /* Pods-iOS-Project.release.xcconfig */,
				664F03F0CBD8DE20E2B24567 /* Pods-iOS-ProjectTests.debug.xcconfig */,
				89F2EED04ABDAA244A35DE39 /* Pods-iOS-ProjectTests.release.xcconfig */,
				3144C5E2594A23453D3C80F2 /* Pods-iOS-ProjectUITests.debug.xcconfig */,
				B29524AAEF069F39679BB0B7 /* Pods-iOS-ProjectUITests.release.xcconfig */,
			);
			name = Pods;
			sourceTree = "<group>";
		};
		1200D6BB1CDDC034006164D8 = {
			isa = PBXGroup;
			children = (
				12B899B41CDF0DF7000FF5BE /* Login.mp4 */,
				1200D6C61CDDC034006164D8 /* iOS-Project */,
				1200D6DE1CDDC034006164D8 /* iOS-ProjectTests */,
				1200D6E91CDDC034006164D8 /* iOS-ProjectUITests */,
				1200D6C51CDDC034006164D8 /* Products */,
				0D2284235EC41890706C957D /* Pods */,
				3389336D424ABACD7F341B00 /* Frameworks */,
			);
			sourceTree = "<group>";
		};
		1200D6C51CDDC034006164D8 /* Products */ = {
			isa = PBXGroup;
			children = (
				1200D6C41CDDC034006164D8 /* iOS-Project.app */,
				1200D6DB1CDDC034006164D8 /* iOS-ProjectTests.xctest */,
				1200D6E61CDDC034006164D8 /* iOS-ProjectUITests.xctest */,
			);
			name = Products;
			sourceTree = "<group>";
		};
		1200D6C61CDDC034006164D8 /* iOS-Project */ = {
			isa = PBXGroup;
			children = (
				1209E0431CFD622F00106C77 /* GoogleService-Info.plist */,
				12ACC89D1CFC122800BFB5EA /* Main.storyboard */,
				1200D6C71CDDC034006164D8 /* AppDelegate.swift */,
				1200D6C91CDDC034006164D8 /* ViewController.swift */,
				122DB9801CF1DED800C33672 /* PasswordViewController.swift */,
				12C4E63E1CF2FE3400C58ABC /* MyScheduleViewController.swift */,
				122DB97E1CF1C08C00C33672 /* UserProfileViewController.swift */,
				1200D6FA1CDDDBA2006164D8 /* SpeakersTableViewController.swift */,
				1200D6F81CDDD950006164D8 /* ScheduleViewController.swift */,
				1259C7991CFF4108001E9AB0 /* SessionCell.swift */,
				12B899B11CDF0D17000FF5BE /* Background.swift */,
				1200D6D11CDDC034006164D8 /* Assets.xcassets */,
				1200D6D31CDDC034006164D8 /* LaunchScreen.storyboard */,
				1200D6CE1CDDC034006164D8 /* iOS_Project.xcdatamodeld */,
				1200D6D61CDDC034006164D8 /* Info.plist */,
				12B899AF1CDF0CCB000FF5BE /* VideoCutter.swift */,
				122DB9821CF20BF600C33672 /* SpeakersDetailViewController.swift */,
				12326C6F1CFB0C8B00013AEC /* MapViewController.swift */,
				12ACC8A71CFCAB9900BFB5EA /* SessionDetailViewController.swift */,
				12ACC8A91CFCC32B00BFB5EA /* MeTableViewController.swift */,
				1259C7931CFF2BCB001E9AB0 /* SessionModel.swift */,
				1259C7951CFF3105001E9AB0 /* Session+CoreDataProperties.swift */,
				1259C7961CFF3105001E9AB0 /* Session.swift */,
				1259C79B1CFF6800001E9AB0 /* MyScheduleCell.swift */,
				12C755511D00627800AE75B7 /* twittertableTableViewController.swift */,
			);
			path = "iOS-Project";
			sourceTree = "<group>";
		};
		1200D6DE1CDDC034006164D8 /* iOS-ProjectTests */ = {
			isa = PBXGroup;
			children = (
				1200D6DF1CDDC034006164D8 /* iOS_ProjectTests.swift */,
				1200D6E11CDDC034006164D8 /* Info.plist */,
			);
			path = "iOS-ProjectTests";
			sourceTree = "<group>";
		};
		1200D6E91CDDC034006164D8 /* iOS-ProjectUITests */ = {
			isa = PBXGroup;
			children = (
				1200D6EA1CDDC034006164D8 /* iOS_ProjectUITests.swift */,
				1200D6EC1CDDC034006164D8 /* Info.plist */,
			);
			path = "iOS-ProjectUITests";
			sourceTree = "<group>";
		};
		3389336D424ABACD7F341B00 /* Frameworks */ = {
			isa = PBXGroup;
			children = (
				F562A8374101C95EB57FD618 /* Pods_iOS_Project.framework */,
				73340AA834C7E6A75350EC91 /* Pods_iOS_ProjectTests.framework */,
				4AE0D83E2D16C7F67B09EFD5 /* Pods_iOS_ProjectUITests.framework */,
			);
			name = Frameworks;
			sourceTree = "<group>";
		};
/* End PBXGroup section */

/* Begin PBXNativeTarget section */
		1200D6C31CDDC034006164D8 /* iOS-Project */ = {
			isa = PBXNativeTarget;
			buildConfigurationList = 1200D6EF1CDDC034006164D8 /* Build configuration list for PBXNativeTarget "iOS-Project" */;
			buildPhases = (
				C76C6B1C6C573E9060AED9D6 /* 📦 Check Pods Manifest.lock */,
				1200D6C01CDDC034006164D8 /* Sources */,
				1200D6C11CDDC034006164D8 /* Frameworks */,
				1200D6C21CDDC034006164D8 /* Resources */,
				9827971997AC15D2468EA9D5 /* 📦 Embed Pods Frameworks */,
				A406B7559B94BE92AA7F2C26 /* 📦 Copy Pods Resources */,
				12C7554C1D0051D000AE75B7 /* ShellScript */,
			);
			buildRules = (
			);
			dependencies = (
			);
			name = "iOS-Project";
			productName = "iOS-Project";
			productReference = 1200D6C41CDDC034006164D8 /* iOS-Project.app */;
			productType = "com.apple.product-type.application";
		};
		1200D6DA1CDDC034006164D8 /* iOS-ProjectTests */ = {
			isa = PBXNativeTarget;
			buildConfigurationList = 1200D6F21CDDC034006164D8 /* Build configuration list for PBXNativeTarget "iOS-ProjectTests" */;
			buildPhases = (
				17E5A115BE9443C386A6A407 /* 📦 Check Pods Manifest.lock */,
				1200D6D71CDDC034006164D8 /* Sources */,
				1200D6D81CDDC034006164D8 /* Frameworks */,
				1200D6D91CDDC034006164D8 /* Resources */,
				39A1E3F16BAA2B8A69148E8B /* 📦 Embed Pods Frameworks */,
				29123AC65DF710CFA8E2747A /* 📦 Copy Pods Resources */,
				1259C79F1D004DC3001E9AB0 /* ShellScript */,
			);
			buildRules = (
			);
			dependencies = (
				1200D6DD1CDDC034006164D8 /* PBXTargetDependency */,
			);
			name = "iOS-ProjectTests";
			productName = "iOS-ProjectTests";
			productReference = 1200D6DB1CDDC034006164D8 /* iOS-ProjectTests.xctest */;
			productType = "com.apple.product-type.bundle.unit-test";
		};
		1200D6E51CDDC034006164D8 /* iOS-ProjectUITests */ = {
			isa = PBXNativeTarget;
			buildConfigurationList = 1200D6F51CDDC034006164D8 /* Build configuration list for PBXNativeTarget "iOS-ProjectUITests" */;
			buildPhases = (
				60FC05D6671D30E4AF1A5E20 /* 📦 Check Pods Manifest.lock */,
				1200D6E21CDDC034006164D8 /* Sources */,
				1200D6E31CDDC034006164D8 /* Frameworks */,
				1200D6E41CDDC034006164D8 /* Resources */,
				3DD59DBA7AF8F5928533EB81 /* 📦 Copy Pods Resources */,
			);
			buildRules = (
			);
			dependencies = (
				1200D6E81CDDC034006164D8 /* PBXTargetDependency */,
			);
			name = "iOS-ProjectUITests";
			productName = "iOS-ProjectUITests";
			productReference = 1200D6E61CDDC034006164D8 /* iOS-ProjectUITests.xctest */;
			productType = "com.apple.product-type.bundle.ui-testing";
		};
/* End PBXNativeTarget section */

/* Begin PBXProject section */
		1200D6BC1CDDC034006164D8 /* Project object */ = {
			isa = PBXProject;
			attributes = {
				LastSwiftUpdateCheck = 0730;
				LastUpgradeCheck = 0730;
				ORGANIZATIONNAME = "Shaobai Li";
				TargetAttributes = {
					1200D6C31CDDC034006164D8 = {
						CreatedOnToolsVersion = 7.3;
						DevelopmentTeam = C2UXFAJAZ6;
					};
					1200D6DA1CDDC034006164D8 = {
						CreatedOnToolsVersion = 7.3;
						DevelopmentTeam = C2UXFAJAZ6;
						TestTargetID = 1200D6C31CDDC034006164D8;
					};
					1200D6E51CDDC034006164D8 = {
						CreatedOnToolsVersion = 7.3;
						DevelopmentTeam = C2UXFAJAZ6;
						TestTargetID = 1200D6C31CDDC034006164D8;
					};
				};
			};
			buildConfigurationList = 1200D6BF1CDDC034006164D8 /* Build configuration list for PBXProject "iOS-Project" */;
			compatibilityVersion = "Xcode 3.2";
			developmentRegion = English;
			hasScannedForEncodings = 0;
			knownRegions = (
				en,
				Base,
			);
			mainGroup = 1200D6BB1CDDC034006164D8;
			productRefGroup = 1200D6C51CDDC034006164D8 /* Products */;
			projectDirPath = "";
			projectRoot = "";
			targets = (
				1200D6C31CDDC034006164D8 /* iOS-Project */,
				1200D6DA1CDDC034006164D8 /* iOS-ProjectTests */,
				1200D6E51CDDC034006164D8 /* iOS-ProjectUITests */,
			);
		};
/* End PBXProject section */

/* Begin PBXResourcesBuildPhase section */
		1200D6C21CDDC034006164D8 /* Resources */ = {
			isa = PBXResourcesBuildPhase;
			buildActionMask = 2147483647;
			files = (
				12B899B51CDF0DF7000FF5BE /* Login.mp4 in Resources */,
				1200D6D51CDDC034006164D8 /* LaunchScreen.storyboard in Resources */,
				1209E0441CFD622F00106C77 /* GoogleService-Info.plist in Resources */,
				1200D6D21CDDC034006164D8 /* Assets.xcassets in Resources */,
				12ACC89E1CFC122800BFB5EA /* Main.storyboard in Resources */,
			);
			runOnlyForDeploymentPostprocessing = 0;
		};
		1200D6D91CDDC034006164D8 /* Resources */ = {
			isa = PBXResourcesBuildPhase;
			buildActionMask = 2147483647;
			files = (
			);
			runOnlyForDeploymentPostprocessing = 0;
		};
		1200D6E41CDDC034006164D8 /* Resources */ = {
			isa = PBXResourcesBuildPhase;
			buildActionMask = 2147483647;
			files = (
			);
			runOnlyForDeploymentPostprocessing = 0;
		};
/* End PBXResourcesBuildPhase section */

/* Begin PBXShellScriptBuildPhase section */
		1259C79F1D004DC3001E9AB0 /* ShellScript */ = {
			isa = PBXShellScriptBuildPhase;
			buildActionMask = 2147483647;
			files = (
			);
			inputPaths = (
			);
			outputPaths = (
			);
			runOnlyForDeploymentPostprocessing = 0;
			shellPath = /bin/sh;
			shellScript = "\"${PODS_ROOT}/Fabric/run\" 37b2f61eafb23e1212105c1789d6724f149431f9 f9e71cce0edb75127c5402251ddbe8272089a9ec562dd9f0117f21751d9b847b";
		};
		12C7554C1D0051D000AE75B7 /* ShellScript */ = {
			isa = PBXShellScriptBuildPhase;
			buildActionMask = 2147483647;
			files = (
			);
			inputPaths = (
			);
			outputPaths = (
			);
			runOnlyForDeploymentPostprocessing = 0;
			shellPath = /bin/sh;
			shellScript = "\"${PODS_ROOT}/Fabric/run\" 37b2f61eafb23e1212105c1789d6724f149431f9 f9e71cce0edb75127c5402251ddbe8272089a9ec562dd9f0117f21751d9b847b";
		};
		17E5A115BE9443C386A6A407 /* 📦 Check Pods Manifest.lock */ = {
			isa = PBXShellScriptBuildPhase;
			buildActionMask = 2147483647;
			files = (
			);
			inputPaths = (
			);
			name = "📦 Check Pods Manifest.lock";
			outputPaths = (
			);
			runOnlyForDeploymentPostprocessing = 0;
			shellPath = /bin/sh;
			shellScript = "diff \"${PODS_ROOT}/../Podfile.lock\" \"${PODS_ROOT}/Manifest.lock\" > /dev/null\nif [[ $? != 0 ]] ; then\n    cat << EOM\nerror: The sandbox is not in sync with the Podfile.lock. Run 'pod install' or update your CocoaPods installation.\nEOM\n    exit 1\nfi\n";
			showEnvVarsInLog = 0;
		};
		29123AC65DF710CFA8E2747A /* 📦 Copy Pods Resources */ = {
			isa = PBXShellScriptBuildPhase;
			buildActionMask = 2147483647;
			files = (
			);
			inputPaths = (
			);
			name = "📦 Copy Pods Resources";
			outputPaths = (
			);
			runOnlyForDeploymentPostprocessing = 0;
			shellPath = /bin/sh;
			shellScript = "\"${SRCROOT}/Pods/Target Support Files/Pods-iOS-ProjectTests/Pods-iOS-ProjectTests-resources.sh\"\n";
			showEnvVarsInLog = 0;
		};
		39A1E3F16BAA2B8A69148E8B /* 📦 Embed Pods Frameworks */ = {
			isa = PBXShellScriptBuildPhase;
			buildActionMask = 2147483647;
			files = (
			);
			inputPaths = (
			);
			name = "📦 Embed Pods Frameworks";
			outputPaths = (
			);
			runOnlyForDeploymentPostprocessing = 0;
			shellPath = /bin/sh;
			shellScript = "\"${SRCROOT}/Pods/Target Support Files/Pods-iOS-ProjectTests/Pods-iOS-ProjectTests-frameworks.sh\"\n";
			showEnvVarsInLog = 0;
		};
		3DD59DBA7AF8F5928533EB81 /* 📦 Copy Pods Resources */ = {
			isa = PBXShellScriptBuildPhase;
			buildActionMask = 2147483647;
			files = (
			);
			inputPaths = (
			);
			name = "📦 Copy Pods Resources";
			outputPaths = (
			);
			runOnlyForDeploymentPostprocessing = 0;
			shellPath = /bin/sh;
			shellScript = "\"${SRCROOT}/Pods/Target Support Files/Pods-iOS-ProjectUITests/Pods-iOS-ProjectUITests-resources.sh\"\n";
			showEnvVarsInLog = 0;
		};
		60FC05D6671D30E4AF1A5E20 /* 📦 Check Pods Manifest.lock */ = {
			isa = PBXShellScriptBuildPhase;
			buildActionMask = 2147483647;
			files = (
			);
			inputPaths = (
			);
			name = "📦 Check Pods Manifest.lock";
			outputPaths = (
			);
			runOnlyForDeploymentPostprocessing = 0;
			shellPath = /bin/sh;
			shellScript = "diff \"${PODS_ROOT}/../Podfile.lock\" \"${PODS_ROOT}/Manifest.lock\" > /dev/null\nif [[ $? != 0 ]] ; then\n    cat << EOM\nerror: The sandbox is not in sync with the Podfile.lock. Run 'pod install' or update your CocoaPods installation.\nEOM\n    exit 1\nfi\n";
			showEnvVarsInLog = 0;
		};
		9827971997AC15D2468EA9D5 /* 📦 Embed Pods Frameworks */ = {
			isa = PBXShellScriptBuildPhase;
			buildActionMask = 2147483647;
			files = (
			);
			inputPaths = (
			);
			name = "📦 Embed Pods Frameworks";
			outputPaths = (
			);
			runOnlyForDeploymentPostprocessing = 0;
			shellPath = /bin/sh;
			shellScript = "\"${SRCROOT}/Pods/Target Support Files/Pods-iOS-Project/Pods-iOS-Project-frameworks.sh\"\n";
			showEnvVarsInLog = 0;
		};
		A406B7559B94BE92AA7F2C26 /* 📦 Copy Pods Resources */ = {
			isa = PBXShellScriptBuildPhase;
			buildActionMask = 2147483647;
			files = (
			);
			inputPaths = (
			);
			name = "📦 Copy Pods Resources";
			outputPaths = (
			);
			runOnlyForDeploymentPostprocessing = 0;
			shellPath = /bin/sh;
			shellScript = "\"${SRCROOT}/Pods/Target Support Files/Pods-iOS-Project/Pods-iOS-Project-resources.sh\"\n";
			showEnvVarsInLog = 0;
		};
		C76C6B1C6C573E9060AED9D6 /* 📦 Check Pods Manifest.lock */ = {
			isa = PBXShellScriptBuildPhase;
			buildActionMask = 2147483647;
			files = (
			);
			inputPaths = (
			);
			name = "📦 Check Pods Manifest.lock";
			outputPaths = (
			);
			runOnlyForDeploymentPostprocessing = 0;
			shellPath = /bin/sh;
			shellScript = "diff \"${PODS_ROOT}/../Podfile.lock\" \"${PODS_ROOT}/Manifest.lock\" > /dev/null\nif [[ $? != 0 ]] ; then\n    cat << EOM\nerror: The sandbox is not in sync with the Podfile.lock. Run 'pod install' or update your CocoaPods installation.\nEOM\n    exit 1\nfi\n";
			showEnvVarsInLog = 0;
		};
/* End PBXShellScriptBuildPhase section */

/* Begin PBXSourcesBuildPhase section */
		1200D6C01CDDC034006164D8 /* Sources */ = {
			isa = PBXSourcesBuildPhase;
			buildActionMask = 2147483647;
			files = (
				122DB9811CF1DED800C33672 /* PasswordViewController.swift in Sources */,
				1259C7981CFF3105001E9AB0 /* Session.swift in Sources */,
				122DB9831CF20BF600C33672 /* SpeakersDetailViewController.swift in Sources */,
				12B899B01CDF0CCB000FF5BE /* VideoCutter.swift in Sources */,
				12ACC8A81CFCAB9900BFB5EA /* SessionDetailViewController.swift in Sources */,
				1259C7971CFF3105001E9AB0 /* Session+CoreDataProperties.swift in Sources */,
				1200D6CA1CDDC034006164D8 /* ViewController.swift in Sources */,
				1259C79C1CFF6800001E9AB0 /* MyScheduleCell.swift in Sources */,
				12B899B21CDF0D17000FF5BE /* Background.swift in Sources */,
				1200D6FB1CDDDBA2006164D8 /* SpeakersTableViewController.swift in Sources */,
				1200D6D01CDDC034006164D8 /* iOS_Project.xcdatamodeld in Sources */,
				12326C701CFB0C8B00013AEC /* MapViewController.swift in Sources */,
				12C755521D00627800AE75B7 /* twittertableTableViewController.swift in Sources */,
				12ACC8AA1CFCC32B00BFB5EA /* MeTableViewController.swift in Sources */,
				1200D6C81CDDC034006164D8 /* AppDelegate.swift in Sources */,
				122DB97F1CF1C08C00C33672 /* UserProfileViewController.swift in Sources */,
				1259C79A1CFF4108001E9AB0 /* SessionCell.swift in Sources */,
				1200D6F91CDDD950006164D8 /* ScheduleViewController.swift in Sources */,
				1259C7941CFF2BCB001E9AB0 /* SessionModel.swift in Sources */,
				12C4E63F1CF2FE3400C58ABC /* MyScheduleViewController.swift in Sources */,
			);
			runOnlyForDeploymentPostprocessing = 0;
		};
		1200D6D71CDDC034006164D8 /* Sources */ = {
			isa = PBXSourcesBuildPhase;
			buildActionMask = 2147483647;
			files = (
				1200D6E01CDDC034006164D8 /* iOS_ProjectTests.swift in Sources */,
			);
			runOnlyForDeploymentPostprocessing = 0;
		};
		1200D6E21CDDC034006164D8 /* Sources */ = {
			isa = PBXSourcesBuildPhase;
			buildActionMask = 2147483647;
			files = (
				1200D6EB1CDDC034006164D8 /* iOS_ProjectUITests.swift in Sources */,
			);
			runOnlyForDeploymentPostprocessing = 0;
		};
/* End PBXSourcesBuildPhase section */

/* Begin PBXTargetDependency section */
		1200D6DD1CDDC034006164D8 /* PBXTargetDependency */ = {
			isa = PBXTargetDependency;
			target = 1200D6C31CDDC034006164D8 /* iOS-Project */;
			targetProxy = 1200D6DC1CDDC034006164D8 /* PBXContainerItemProxy */;
		};
		1200D6E81CDDC034006164D8 /* PBXTargetDependency */ = {
			isa = PBXTargetDependency;
			target = 1200D6C31CDDC034006164D8 /* iOS-Project */;
			targetProxy = 1200D6E71CDDC034006164D8 /* PBXContainerItemProxy */;
		};
/* End PBXTargetDependency section */

/* Begin PBXVariantGroup section */
		1200D6D31CDDC034006164D8 /* LaunchScreen.storyboard */ = {
			isa = PBXVariantGroup;
			children = (
				1200D6D41CDDC034006164D8 /* Base */,
			);
			name = LaunchScreen.storyboard;
			sourceTree = "<group>";
		};
/* End PBXVariantGroup section */

/* Begin XCBuildConfiguration section */
		1200D6ED1CDDC034006164D8 /* Debug */ = {
			isa = XCBuildConfiguration;
			buildSettings = {
				ALWAYS_SEARCH_USER_PATHS = NO;
				CLANG_ANALYZER_NONNULL = YES;
				CLANG_CXX_LANGUAGE_STANDARD = "gnu++0x";
				CLANG_CXX_LIBRARY = "libc++";
				CLANG_ENABLE_MODULES = YES;
				CLANG_ENABLE_OBJC_ARC = YES;
				CLANG_WARN_BOOL_CONVERSION = YES;
				CLANG_WARN_CONSTANT_CONVERSION = YES;
				CLANG_WARN_DIRECT_OBJC_ISA_USAGE = YES_ERROR;
				CLANG_WARN_EMPTY_BODY = YES;
				CLANG_WARN_ENUM_CONVERSION = YES;
				CLANG_WARN_INT_CONVERSION = YES;
				CLANG_WARN_OBJC_ROOT_CLASS = YES_ERROR;
				CLANG_WARN_UNREACHABLE_CODE = YES;
				CLANG_WARN__DUPLICATE_METHOD_MATCH = YES;
				"CODE_SIGN_IDENTITY[sdk=iphoneos*]" = "iPhone Developer";
				COPY_PHASE_STRIP = NO;
				DEBUG_INFORMATION_FORMAT = dwarf;
				ENABLE_STRICT_OBJC_MSGSEND = YES;
				ENABLE_TESTABILITY = YES;
				GCC_C_LANGUAGE_STANDARD = gnu99;
				GCC_DYNAMIC_NO_PIC = NO;
				GCC_NO_COMMON_BLOCKS = YES;
				GCC_OPTIMIZATION_LEVEL = 0;
				GCC_PREPROCESSOR_DEFINITIONS = (
					"DEBUG=1",
					"$(inherited)",
				);
				GCC_WARN_64_TO_32_BIT_CONVERSION = YES;
				GCC_WARN_ABOUT_RETURN_TYPE = YES_ERROR;
				GCC_WARN_UNDECLARED_SELECTOR = YES;
				GCC_WARN_UNINITIALIZED_AUTOS = YES_AGGRESSIVE;
				GCC_WARN_UNUSED_FUNCTION = YES;
				GCC_WARN_UNUSED_VARIABLE = YES;
				IPHONEOS_DEPLOYMENT_TARGET = 9.3;
				MTL_ENABLE_DEBUG_INFO = YES;
				ONLY_ACTIVE_ARCH = YES;
				SDKROOT = iphoneos;
				SWIFT_OPTIMIZATION_LEVEL = "-Onone";
			};
			name = Debug;
		};
		1200D6EE1CDDC034006164D8 /* Release */ = {
			isa = XCBuildConfiguration;
			buildSettings = {
				ALWAYS_SEARCH_USER_PATHS = NO;
				CLANG_ANALYZER_NONNULL = YES;
				CLANG_CXX_LANGUAGE_STANDARD = "gnu++0x";
				CLANG_CXX_LIBRARY = "libc++";
				CLANG_ENABLE_MODULES = YES;
				CLANG_ENABLE_OBJC_ARC = YES;
				CLANG_WARN_BOOL_CONVERSION = YES;
				CLANG_WARN_CONSTANT_CONVERSION = YES;
				CLANG_WARN_DIRECT_OBJC_ISA_USAGE = YES_ERROR;
				CLANG_WARN_EMPTY_BODY = YES;
				CLANG_WARN_ENUM_CONVERSION = YES;
				CLANG_WARN_INT_CONVERSION = YES;
				CLANG_WARN_OBJC_ROOT_CLASS = YES_ERROR;
				CLANG_WARN_UNREACHABLE_CODE = YES;
				CLANG_WARN__DUPLICATE_METHOD_MATCH = YES;
				"CODE_SIGN_IDENTITY[sdk=iphoneos*]" = "iPhone Developer";
				COPY_PHASE_STRIP = NO;
				DEBUG_INFORMATION_FORMAT = "dwarf-with-dsym";
				ENABLE_NS_ASSERTIONS = NO;
				ENABLE_STRICT_OBJC_MSGSEND = YES;
				GCC_C_LANGUAGE_STANDARD = gnu99;
				GCC_NO_COMMON_BLOCKS = YES;
				GCC_WARN_64_TO_32_BIT_CONVERSION = YES;
				GCC_WARN_ABOUT_RETURN_TYPE = YES_ERROR;
				GCC_WARN_UNDECLARED_SELECTOR = YES;
				GCC_WARN_UNINITIALIZED_AUTOS = YES_AGGRESSIVE;
				GCC_WARN_UNUSED_FUNCTION = YES;
				GCC_WARN_UNUSED_VARIABLE = YES;
				IPHONEOS_DEPLOYMENT_TARGET = 9.3;
				MTL_ENABLE_DEBUG_INFO = NO;
				SDKROOT = iphoneos;
				VALIDATE_PRODUCT = YES;
			};
			name = Release;
		};
		1200D6F01CDDC034006164D8 /* Debug */ = {
			isa = XCBuildConfiguration;
			baseConfigurationReference = 1E242658BDB8CA9075938791 /* Pods-iOS-Project.debug.xcconfig */;
			buildSettings = {
				ASSETCATALOG_COMPILER_APPICON_NAME = AppIcon;
				INFOPLIST_FILE = "iOS-Project/Info.plist";
				LD_RUNPATH_SEARCH_PATHS = "$(inherited) @executable_path/Frameworks";
				PRODUCT_BUNDLE_IDENTIFIER = "uow.edu.au.iOS-Project";
				PRODUCT_NAME = "$(TARGET_NAME)";
			};
			name = Debug;
		};
		1200D6F11CDDC034006164D8 /* Release */ = {
			isa = XCBuildConfiguration;
			baseConfigurationReference = 7558F06ED7FFE8F342BBCA08 /* Pods-iOS-Project.release.xcconfig */;
			buildSettings = {
				ASSETCATALOG_COMPILER_APPICON_NAME = AppIcon;
				INFOPLIST_FILE = "iOS-Project/Info.plist";
				LD_RUNPATH_SEARCH_PATHS = "$(inherited) @executable_path/Frameworks";
				PRODUCT_BUNDLE_IDENTIFIER = "uow.edu.au.iOS-Project";
				PRODUCT_NAME = "$(TARGET_NAME)";
			};
			name = Release;
		};
		1200D6F31CDDC034006164D8 /* Debug */ = {
			isa = XCBuildConfiguration;
			baseConfigurationReference = 664F03F0CBD8DE20E2B24567 /* Pods-iOS-ProjectTests.debug.xcconfig */;
			buildSettings = {
				BUNDLE_LOADER = "$(TEST_HOST)";
				INFOPLIST_FILE = "iOS-ProjectTests/Info.plist";
				LD_RUNPATH_SEARCH_PATHS = "$(inherited) @executable_path/Frameworks @loader_path/Frameworks";
				PRODUCT_BUNDLE_IDENTIFIER = "uow.edu.au.iOS-ProjectTests";
				PRODUCT_NAME = "$(TARGET_NAME)";
				TEST_HOST = "$(BUILT_PRODUCTS_DIR)/iOS-Project.app/iOS-Project";
			};
			name = Debug;
		};
		1200D6F41CDDC034006164D8 /* Release */ = {
			isa = XCBuildConfiguration;
			baseConfigurationReference = 89F2EED04ABDAA244A35DE39 /* Pods-iOS-ProjectTests.release.xcconfig */;
			buildSettings = {
				BUNDLE_LOADER = "$(TEST_HOST)";
				INFOPLIST_FILE = "iOS-ProjectTests/Info.plist";
				LD_RUNPATH_SEARCH_PATHS = "$(inherited) @executable_path/Frameworks @loader_path/Frameworks";
				PRODUCT_BUNDLE_IDENTIFIER = "uow.edu.au.iOS-ProjectTests";
				PRODUCT_NAME = "$(TARGET_NAME)";
				TEST_HOST = "$(BUILT_PRODUCTS_DIR)/iOS-Project.app/iOS-Project";
			};
			name = Release;
		};
		1200D6F61CDDC034006164D8 /* Debug */ = {
			isa = XCBuildConfiguration;
			baseConfigurationReference = 3144C5E2594A23453D3C80F2 /* Pods-iOS-ProjectUITests.debug.xcconfig */;
			buildSettings = {
				INFOPLIST_FILE = "iOS-ProjectUITests/Info.plist";
				LD_RUNPATH_SEARCH_PATHS = "$(inherited) @executable_path/Frameworks @loader_path/Frameworks";
				PRODUCT_BUNDLE_IDENTIFIER = "uow.edu.au.iOS-ProjectUITests";
				PRODUCT_NAME = "$(TARGET_NAME)";
				TEST_TARGET_NAME = "iOS-Project";
			};
			name = Debug;
		};
		1200D6F71CDDC034006164D8 /* Release */ = {
			isa = XCBuildConfiguration;
			baseConfigurationReference = B29524AAEF069F39679BB0B7 /* Pods-iOS-ProjectUITests.release.xcconfig */;
			buildSettings = {
				INFOPLIST_FILE = "iOS-ProjectUITests/Info.plist";
				LD_RUNPATH_SEARCH_PATHS = "$(inherited) @executable_path/Frameworks @loader_path/Frameworks";
				PRODUCT_BUNDLE_IDENTIFIER = "uow.edu.au.iOS-ProjectUITests";
				PRODUCT_NAME = "$(TARGET_NAME)";
				TEST_TARGET_NAME = "iOS-Project";
			};
			name = Release;
		};
/* End XCBuildConfiguration section */

/* Begin XCConfigurationList section */
		1200D6BF1CDDC034006164D8 /* Build configuration list for PBXProject "iOS-Project" */ = {
			isa = XCConfigurationList;
			buildConfigurations = (
				1200D6ED1CDDC034006164D8 /* Debug */,
				1200D6EE1CDDC034006164D8 /* Release */,
			);
			defaultConfigurationIsVisible = 0;
			defaultConfigurationName = Release;
		};
		1200D6EF1CDDC034006164D8 /* Build configuration list for PBXNativeTarget "iOS-Project" */ = {
			isa = XCConfigurationList;
			buildConfigurations = (
				1200D6F01CDDC034006164D8 /* Debug */,
				1200D6F11CDDC034006164D8 /* Release */,
			);
			defaultConfigurationIsVisible = 0;
			defaultConfigurationName = Release;
		};
		1200D6F21CDDC034006164D8 /* Build configuration list for PBXNativeTarget "iOS-ProjectTests" */ = {
			isa = XCConfigurationList;
			buildConfigurations = (
				1200D6F31CDDC034006164D8 /* Debug */,
				1200D6F41CDDC034006164D8 /* Release */,
			);
			defaultConfigurationIsVisible = 0;
			defaultConfigurationName = Release;
		};
		1200D6F51CDDC034006164D8 /* Build configuration list for PBXNativeTarget "iOS-ProjectUITests" */ = {
			isa = XCConfigurationList;
			buildConfigurations = (
				1200D6F61CDDC034006164D8 /* Debug */,
				1200D6F71CDDC034006164D8 /* Release */,
			);
			defaultConfigurationIsVisible = 0;
			defaultConfigurationName = Release;
		};
/* End XCConfigurationList section */

/* Begin XCVersionGroup section */
		1200D6CE1CDDC034006164D8 /* iOS_Project.xcdatamodeld */ = {
			isa = XCVersionGroup;
			children = (
				1200D6CF1CDDC034006164D8 /* iOS_Project.xcdatamodel */,
			);
			currentVersion = 1200D6CF1CDDC034006164D8 /* iOS_Project.xcdatamodel */;
			path = iOS_Project.xcdatamodeld;
			sourceTree = "<group>";
			versionGroupType = wrapper.xcdatamodel;
		};
/* End XCVersionGroup section */
	};
	rootObject = 1200D6BC1CDDC034006164D8 /* Project object */;
}
